
Microsoft Visual Studio Solution File, Format Version 12.00
# Visual Studio Version 17
VisualStudioVersion = 17.4.33205.214
MinimumVisualStudioVersion = 10.0.40219.1
Project("{FAE04EC0-301F-11D3-BF4B-00C04F79EFBC}") = "login-screen", "login-screen\login-screen.csproj", "{52B879B0-5C43-4AD9-B348-CA94032BD931}"
EndProject
Global
	GlobalSection(SolutionConfigurationPlatforms) = preSolution
		Debug|Any CPU = Debug|Any CPU
		Release|Any CPU = Release|Any CPU
	EndGlobalSection
	GlobalSection(ProjectConfigurationPlatforms) = postSolution
		{52B879B0-5C43-4AD9-B348-CA94032BD931}.Debug|Any CPU.ActiveCfg = Debug|Any CPU
		{52B879B0-5C43-4AD9-B348-CA94032BD931}.Debug|Any CPU.Build.0 = Debug|Any CPU
		{52B879B0-5C43-4AD9-B348-CA94032BD931}.Release|Any CPU.ActiveCfg = Release|Any CPU
		{52B879B0-5C43-4AD9-B348-CA94032BD931}.Release|Any CPU.Build.0 = Release|Any CPU
	EndGlobalSection
	GlobalSection(SolutionProperties) = preSolution
		HideSolutionNode = FALSE
	EndGlobalSection
	GlobalSection(ExtensibilityGlobals) = postSolution
		SolutionGuid = {5D42ABC3-EBCB-4C86-83F2-F21FD91CFA73}
	EndGlobalSection
EndGlobal
